// !$*UTF8*$!
{
	archiveVersion = 1;
	classes = {
	};
	objectVersion = 46;
	objects = {

/* Begin PBXBuildFile section */
		DE26886019D7C2420042E883 /* AppDelegate.swift in Sources */ = {isa = PBXBuildFile; fileRef = DE26885F19D7C2420042E883 /* AppDelegate.swift */; };
		DE26886219D7C2420042E883 /* ViewController.swift in Sources */ = {isa = PBXBuildFile; fileRef = DE26886119D7C2420042E883 /* ViewController.swift */; };
		DE26886519D7C2420042E883 /* Main.storyboard in Resources */ = {isa = PBXBuildFile; fileRef = DE26886319D7C2420042E883 /* Main.storyboard */; };
		DE26886719D7C2420042E883 /* Images.xcassets in Resources */ = {isa = PBXBuildFile; fileRef = DE26886619D7C2420042E883 /* Images.xcassets */; };
		DE26886A19D7C2420042E883 /* LaunchScreen.xib in Resources */ = {isa = PBXBuildFile; fileRef = DE26886819D7C2420042E883 /* LaunchScreen.xib */; };
		DE26887619D7C2420042E883 /* LionsAndTigersTests.swift in Sources */ = {isa = PBXBuildFile; fileRef = DE26887519D7C2420042E883 /* LionsAndTigersTests.swift */; };
		DE26888119D7C54A0042E883 /* Tiger.swift in Sources */ = {isa = PBXBuildFile; fileRef = DE26888019D7C54A0042E883 /* Tiger.swift */; };
		DE26888B19D7C9AE0042E883 /* BengalTiger.jpg in Resources */ = {isa = PBXBuildFile; fileRef = DE26888319D7C9AE0042E883 /* BengalTiger.jpg */; };
		DE26888C19D7C9AE0042E883 /* IndochineseTiger.jpg in Resources */ = {isa = PBXBuildFile; fileRef = DE26888419D7C9AE0042E883 /* IndochineseTiger.jpg */; };
		DE26888D19D7C9AE0042E883 /* Lion.jpg in Resources */ = {isa = PBXBuildFile; fileRef = DE26888519D7C9AE0042E883 /* Lion.jpg */; };
		DE26888E19D7C9AE0042E883 /* LionCub1.jpg in Resources */ = {isa = PBXBuildFile; fileRef = DE26888619D7C9AE0042E883 /* LionCub1.jpg */; };
		DE26888F19D7C9AE0042E883 /* LionCub2.jpeg in Resources */ = {isa = PBXBuildFile; fileRef = DE26888719D7C9AE0042E883 /* LionCub2.jpeg */; };
		DE26889019D7C9AE0042E883 /* Lioness.jpeg in Resources */ = {isa = PBXBuildFile; fileRef = DE26888819D7C9AE0042E883 /* Lioness.jpeg */; };
		DE26889119D7C9AE0042E883 /* MalayanTiger.jpg in Resources */ = {isa = PBXBuildFile; fileRef = DE26888919D7C9AE0042E883 /* MalayanTiger.jpg */; };
		DE26889219D7C9AE0042E883 /* SiberianTiger.jpg in Resources */ = {isa = PBXBuildFile; fileRef = DE26888A19D7C9AE0042E883 /* SiberianTiger.jpg */; };
/* End PBXBuildFile section */

/* Begin PBXContainerItemProxy section */
		DE26887019D7C2420042E883 /* PBXContainerItemProxy */ = {
			isa = PBXContainerItemProxy;
			containerPortal = DE26885219D7C2420042E883 /* Project object */;
			proxyType = 1;
			remoteGlobalIDString = DE26885919D7C2420042E883;
			remoteInfo = LionsAndTigers;
		};
/* End PBXContainerItemProxy section */

/* Begin PBXFileReference section */
		DE26885A19D7C2420042E883 /* LionsAndTigers.app */ = {isa = PBXFileReference; explicitFileType = wrapper.application; includeInIndex = 0; path = LionsAndTigers.app; sourceTree = BUILT_PRODUCTS_DIR; };
		DE26885E19D7C2420042E883 /* Info.plist */ = {isa = PBXFileReference; lastKnownFileType = text.plist.xml; path = Info.plist; sourceTree = "<group>"; };
		DE26885F19D7C2420042E883 /* AppDelegate.swift */ = {isa = PBXFileReference; lastKnownFileType = sourcecode.swift; path = AppDelegate.swift; sourceTree = "<group>"; };
		DE26886119D7C2420042E883 /* ViewController.swift */ = {isa = PBXFileReference; lastKnownFileType = sourcecode.swift; path = ViewController.swift; sourceTree = "<group>"; };
		DE26886419D7C2420042E883 /* Base */ = {isa = PBXFileReference; lastKnownFileType = file.storyboard; name = Base; path = Base.lproj/Main.storyboard; sourceTree = "<group>"; };
		DE26886619D7C2420042E883 /* Images.xcassets */ = {isa = PBXFileReference; lastKnownFileType = folder.assetcatalog; path = Images.xcassets; sourceTree = "<group>"; };
		DE26886919D7C2420042E883 /* Base */ = {isa = PBXFileReference; lastKnownFileType = file.xib; name = Base; path = Base.lproj/LaunchScreen.xib; sourceTree = "<group>"; };
		DE26886F19D7C2420042E883 /* LionsAndTigersTests.xctest */ = {isa = PBXFileReference; explicitFileType = wrapper.cfbundle; includeInIndex = 0; path = LionsAndTigersTests.xctest; sourceTree = BUILT_PRODUCTS_DIR; };
		DE26887419D7C2420042E883 /* Info.plist */ = {isa = PBXFileReference; lastKnownFileType = text.plist.xml; path = Info.plist; sourceTree = "<group>"; };
		DE26887519D7C2420042E883 /* LionsAndTigersTests.swift */ = {isa = PBXFileReference; lastKnownFileType = sourcecode.swift; path = LionsAndTigersTests.swift; sourceTree = "<group>"; };
		DE26888019D7C54A0042E883 /* Tiger.swift */ = {isa = PBXFileReference; fileEncoding = 4; lastKnownFileType = sourcecode.swift; path = Tiger.swift; sourceTree = "<group>"; };
		DE26888319D7C9AE0042E883 /* BengalTiger.jpg */ = {isa = PBXFileReference; lastKnownFileType = image.jpeg; path = BengalTiger.jpg; sourceTree = "<group>"; };
		DE26888419D7C9AE0042E883 /* IndochineseTiger.jpg */ = {isa = PBXFileReference; lastKnownFileType = image.jpeg; path = IndochineseTiger.jpg; sourceTree = "<group>"; };
		DE26888519D7C9AE0042E883 /* Lion.jpg */ = {isa = PBXFileReference; lastKnownFileType = image.jpeg; path = Lion.jpg; sourceTree = "<group>"; };
		DE26888619D7C9AE0042E883 /* LionCub1.jpg */ = {isa = PBXFileReference; lastKnownFileType = image.jpeg; path = LionCub1.jpg; sourceTree = "<group>"; };
		DE26888719D7C9AE0042E883 /* LionCub2.jpeg */ = {isa = PBXFileReference; lastKnownFileType = image.jpeg; path = LionCub2.jpeg; sourceTree = "<group>"; };
		DE26888819D7C9AE0042E883 /* Lioness.jpeg */ = {isa = PBXFileReference; lastKnownFileType = image.jpeg; path = Lioness.jpeg; sourceTree = "<group>"; };
		DE26888919D7C9AE0042E883 /* MalayanTiger.jpg */ = {isa = PBXFileReference; lastKnownFileType = image.jpeg; path = MalayanTiger.jpg; sourceTree = "<group>"; };
		DE26888A19D7C9AE0042E883 /* SiberianTiger.jpg */ = {isa = PBXFileReference; lastKnownFileType = image.jpeg; path = SiberianTiger.jpg; sourceTree = "<group>"; };
/* End PBXFileReference section */

/* Begin PBXFrameworksBuildPhase section */
		DE26885719D7C2420042E883 /* Frameworks */ = {
			isa = PBXFrameworksBuildPhase;
			buildActionMask = 2147483647;
			files = (
			);
			runOnlyForDeploymentPostprocessing = 0;
		};
		DE26886C19D7C2420042E883 /* Frameworks */ = {
			isa = PBXFrameworksBuildPhase;
			buildActionMask = 2147483647;
			files = (
			);
			runOnlyForDeploymentPostprocessing = 0;
		};
/* End PBXFrameworksBuildPhase section */

/* Begin PBXGroup section */
		DE26885119D7C2420042E883 = {
			isa = PBXGroup;
			children = (
				DE26885C19D7C2420042E883 /* LionsAndTigers */,
				DE26887219D7C2420042E883 /* LionsAndTigersTests */,
				DE26885B19D7C2420042E883 /* Products */,
			);
			sourceTree = "<group>";
		};
		DE26885B19D7C2420042E883 /* Products */ = {
			isa = PBXGroup;
			children = (
				DE26885A19D7C2420042E883 /* LionsAndTigers.app */,
				DE26886F19D7C2420042E883 /* LionsAndTigersTests.xctest */,
			);
			name = Products;
			sourceTree = "<group>";
		};
		DE26885C19D7C2420042E883 /* LionsAndTigers */ = {
			isa = PBXGroup;
			children = (
				DE26885F19D7C2420042E883 /* AppDelegate.swift */,
				DE26886119D7C2420042E883 /* ViewController.swift */,
				DE26886319D7C2420042E883 /* Main.storyboard */,
				DE26887F19D7C5120042E883 /* Models */,
				DE26886619D7C2420042E883 /* Images.xcassets */,
				DE26886819D7C2420042E883 /* LaunchScreen.xib */,
				DE26885D19D7C2420042E883 /* Supporting Files */,
			);
			path = LionsAndTigers;
			sourceTree = "<group>";
		};
		DE26885D19D7C2420042E883 /* Supporting Files */ = {
			isa = PBXGroup;
			children = (
				DE26888219D7C9AE0042E883 /* LionsAndTigersAssets */,
				DE26885E19D7C2420042E883 /* Info.plist */,
			);
			name = "Supporting Files";
			sourceTree = "<group>";
		};
		DE26887219D7C2420042E883 /* LionsAndTigersTests */ = {
			isa = PBXGroup;
			children = (
				DE26887519D7C2420042E883 /* LionsAndTigersTests.swift */,
				DE26887319D7C2420042E883 /* Supporting Files */,
			);
			path = LionsAndTigersTests;
			sourceTree = "<group>";
		};
		DE26887319D7C2420042E883 /* Supporting Files */ = {
			isa = PBXGroup;
			children = (
				DE26887419D7C2420042E883 /* Info.plist */,
			);
			name = "Supporting Files";
			sourceTree = "<group>";
		};
		DE26887F19D7C5120042E883 /* Models */ = {
			isa = PBXGroup;
			children = (
				DE26888019D7C54A0042E883 /* Tiger.swift */,
			);
			name = Models;
			sourceTree = "<group>";
		};
		DE26888219D7C9AE0042E883 /* LionsAndTigersAssets */ = {
			isa = PBXGroup;
			children = (
				DE26888319D7C9AE0042E883 /* BengalTiger.jpg */,
				DE26888419D7C9AE0042E883 /* IndochineseTiger.jpg */,
				DE26888519D7C9AE0042E883 /* Lion.jpg */,
				DE26888619D7C9AE0042E883 /* LionCub1.jpg */,
				DE26888719D7C9AE0042E883 /* LionCub2.jpeg */,
				DE26888819D7C9AE0042E883 /* Lioness.jpeg */,
				DE26888919D7C9AE0042E883 /* MalayanTiger.jpg */,
				DE26888A19D7C9AE0042E883 /* SiberianTiger.jpg */,
			);
			path = LionsAndTigersAssets;
			sourceTree = "<group>";
		};
/* End PBXGroup section */

/* Begin PBXNativeTarget section */
		DE26885919D7C2420042E883 /* LionsAndTigers */ = {
			isa = PBXNativeTarget;
			buildConfigurationList = DE26887919D7C2420042E883 /* Build configuration list for PBXNativeTarget "LionsAndTigers" */;
			buildPhases = (
				DE26885619D7C2420042E883 /* Sources */,
				DE26885719D7C2420042E883 /* Frameworks */,
				DE26885819D7C2420042E883 /* Resources */,
			);
			buildRules = (
			);
			dependencies = (
			);
			name = LionsAndTigers;
			productName = LionsAndTigers;
			productReference = DE26885A19D7C2420042E883 /* LionsAndTigers.app */;
			productType = "com.apple.product-type.application";
		};
		DE26886E19D7C2420042E883 /* LionsAndTigersTests */ = {
			isa = PBXNativeTarget;
			buildConfigurationList = DE26887C19D7C2420042E883 /* Build configuration list for PBXNativeTarget "LionsAndTigersTests" */;
			buildPhases = (
				DE26886B19D7C2420042E883 /* Sources */,
				DE26886C19D7C2420042E883 /* Frameworks */,
				DE26886D19D7C2420042E883 /* Resources */,
			);
			buildRules = (
			);
			dependencies = (
				DE26887119D7C2420042E883 /* PBXTargetDependency */,
			);
			name = LionsAndTigersTests;
			productName = LionsAndTigersTests;
			productReference = DE26886F19D7C2420042E883 /* LionsAndTigersTests.xctest */;
			productType = "com.apple.product-type.bundle.unit-test";
		};
/* End PBXNativeTarget section */

/* Begin PBXProject section */
		DE26885219D7C2420042E883 /* Project object */ = {
			isa = PBXProject;
			attributes = {
				LastUpgradeCheck = 0600;
				ORGANIZATIONNAME = "Tony Morales";
				TargetAttributes = {
					DE26885919D7C2420042E883 = {
						CreatedOnToolsVersion = 6.0;
					};
					DE26886E19D7C2420042E883 = {
						CreatedOnToolsVersion = 6.0;
						TestTargetID = DE26885919D7C2420042E883;
					};
				};
			};
			buildConfigurationList = DE26885519D7C2420042E883 /* Build configuration list for PBXProject "LionsAndTigers" */;
			compatibilityVersion = "Xcode 3.2";
			developmentRegion = English;
			hasScannedForEncodings = 0;
			knownRegions = (
				en,
				Base,
			);
			mainGroup = DE26885119D7C2420042E883;
			productRefGroup = DE26885B19D7C2420042E883 /* Products */;
			projectDirPath = "";
			projectRoot = "";
			targets = (
				DE26885919D7C2420042E883 /* LionsAndTigers */,
				DE26886E19D7C2420042E883 /* LionsAndTigersTests */,
			);
		};
/* End PBXProject section */

/* Begin PBXResourcesBuildPhase section */
		DE26885819D7C2420042E883 /* Resources */ = {
			isa = PBXResourcesBuildPhase;
			buildActionMask = 2147483647;
			files = (
				DE26888C19D7C9AE0042E883 /* IndochineseTiger.jpg in Resources */,
				DE26886519D7C2420042E883 /* Main.storyboard in Resources */,
				DE26886A19D7C2420042E883 /* LaunchScreen.xib in Resources */,
				DE26889019D7C9AE0042E883 /* Lioness.jpeg in Resources */,
				DE26888E19D7C9AE0042E883 /* LionCub1.jpg in Resources */,
				DE26889119D7C9AE0042E883 /* MalayanTiger.jpg in Resources */,
				DE26889219D7C9AE0042E883 /* SiberianTiger.jpg in Resources */,
				DE26888B19D7C9AE0042E883 /* BengalTiger.jpg in Resources */,
				DE26886719D7C2420042E883 /* Images.xcassets in Resources */,
				DE26888D19D7C9AE0042E883 /* Lion.jpg in Resources */,
				DE26888F19D7C9AE0042E883 /* LionCub2.jpeg in Resources */,
			);
			runOnlyForDeploymentPostprocessing = 0;
		};
		DE26886D19D7C2420042E883 /* Resources */ = {
			isa = PBXResourcesBuildPhase;
			buildActionMask = 2147483647;
			files = (
			);
			runOnlyForDeploymentPostprocessing = 0;
		};
/* End PBXResourcesBuildPhase section */

/* Begin PBXSourcesBuildPhase section */
		DE26885619D7C2420042E883 /* Sources */ = {
			isa = PBXSourcesBuildPhase;
			buildActionMask = 2147483647;
			files = (
				DE26886219D7C2420042E883 /* ViewController.swift in Sources */,
				DE26888119D7C54A0042E883 /* Tiger.swift in Sources */,
				DE26886019D7C2420042E883 /* AppDelegate.swift in Sources */,
			);
			runOnlyForDeploymentPostprocessing = 0;
		};
		DE26886B19D7C2420042E883 /* Sources */ = {
			isa = PBXSourcesBuildPhase;
			buildActionMask = 2147483647;
			files = (
				DE26887619D7C2420042E883 /* LionsAndTigersTests.swift in Sources */,
			);
			runOnlyForDeploymentPostprocessing = 0;
		};
/* End PBXSourcesBuildPhase section */

/* Begin PBXTargetDependency section */
		DE26887119D7C2420042E883 /* PBXTargetDependency */ = {
			isa = PBXTargetDependency;
			target = DE26885919D7C2420042E883 /* LionsAndTigers */;
			targetProxy = DE26887019D7C2420042E883 /* PBXContainerItemProxy */;
		};
/* End PBXTargetDependency section */

/* Begin PBXVariantGroup section */
		DE26886319D7C2420042E883 /* Main.storyboard */ = {
			isa = PBXVariantGroup;
			children = (
				DE26886419D7C2420042E883 /* Base */,
			);
			name = Main.storyboard;
			sourceTree = "<group>";
		};
		DE26886819D7C2420042E883 /* LaunchScreen.xib */ = {
			isa = PBXVariantGroup;
			children = (
				DE26886919D7C2420042E883 /* Base */,
			);
			name = LaunchScreen.xib;
			sourceTree = "<group>";
		};
/* End PBXVariantGroup section */

/* Begin XCBuildConfiguration section */
		DE26887719D7C2420042E883 /* Debug */ = {
			isa = XCBuildConfiguration;
			buildSettings = {
				ALWAYS_SEARCH_USER_PATHS = NO;
				CLANG_CXX_LANGUAGE_STANDARD = "gnu++0x";
				CLANG_CXX_LIBRARY = "libc++";
				CLANG_ENABLE_MODULES = YES;
				CLANG_ENABLE_OBJC_ARC = YES;
				CLANG_WARN_BOOL_CONVERSION = YES;
				CLANG_WARN_CONSTANT_CONVERSION = YES;
				CLANG_WARN_DIRECT_OBJC_ISA_USAGE = YES_ERROR;
				CLANG_WARN_EMPTY_BODY = YES;
				CLANG_WARN_ENUM_CONVERSION = YES;
				CLANG_WARN_INT_CONVERSION = YES;
				CLANG_WARN_OBJC_ROOT_CLASS = YES_ERROR;
				CLANG_WARN_UNREACHABLE_CODE = YES;
				CLANG_WARN__DUPLICATE_METHOD_MATCH = YES;
				"CODE_SIGN_IDENTITY[sdk=iphoneos*]" = "iPhone Developer";
				COPY_PHASE_STRIP = NO;
				ENABLE_STRICT_OBJC_MSGSEND = YES;
				GCC_C_LANGUAGE_STANDARD = gnu99;
				GCC_DYNAMIC_NO_PIC = NO;
				GCC_OPTIMIZATION_LEVEL = 0;
				GCC_PREPROCESSOR_DEFINITIONS = (
					"DEBUG=1",
					"$(inherited)",
				);
				GCC_SYMBOLS_PRIVATE_EXTERN = NO;
				GCC_WARN_64_TO_32_BIT_CONVERSION = YES;
				GCC_WARN_ABOUT_RETURN_TYPE = YES_ERROR;
				GCC_WARN_UNDECLARED_SELECTOR = YES;
				GCC_WARN_UNINITIALIZED_AUTOS = YES_AGGRESSIVE;
				GCC_WARN_UNUSED_FUNCTION = YES;
				GCC_WARN_UNUSED_VARIABLE = YES;
				IPHONEOS_DEPLOYMENT_TARGET = 8.0;
				MTL_ENABLE_DEBUG_INFO = YES;
				ONLY_ACTIVE_ARCH = YES;
				SDKROOT = iphoneos;
				SWIFT_OPTIMIZATION_LEVEL = "-Onone";
			};
			name = Debug;
		};
		DE26887819D7C2420042E883 /* Release */ = {
			isa = XCBuildConfiguration;
			buildSettings = {
				ALWAYS_SEARCH_USER_PATHS = NO;
				CLANG_CXX_LANGUAGE_STANDARD = "gnu++0x";
				CLANG_CXX_LIBRARY = "libc++";
				CLANG_ENABLE_MODULES = YES;
				CLANG_ENABLE_OBJC_ARC = YES;
				CLANG_WARN_BOOL_CONVERSION = YES;
				CLANG_WARN_CONSTANT_CONVERSION = YES;
				CLANG_WARN_DIRECT_OBJC_ISA_USAGE = YES_ERROR;
				CLANG_WARN_EMPTY_BODY = YES;
				CLANG_WARN_ENUM_CONVERSION = YES;
				CLANG_WARN_INT_CONVERSION = YES;
				CLANG_WARN_OBJC_ROOT_CLASS = YES_ERROR;
				CLANG_WARN_UNREACHABLE_CODE = YES;
				CLANG_WARN__DUPLICATE_METHOD_MATCH = YES;
				"CODE_SIGN_IDENTITY[sdk=iphoneos*]" = "iPhone Developer";
				COPY_PHASE_STRIP = YES;
				ENABLE_NS_ASSERTIONS = NO;
				ENABLE_STRICT_OBJC_MSGSEND = YES;
				GCC_C_LANGUAGE_STANDARD = gnu99;
				GCC_WARN_64_TO_32_BIT_CONVERSION = YES;
				GCC_WARN_ABOUT_RETURN_TYPE = YES_ERROR;
				GCC_WARN_UNDECLARED_SELECTOR = YES;
				GCC_WARN_UNINITIALIZED_AUTOS = YES_AGGRESSIVE;
				GCC_WARN_UNUSED_FUNCTION = YES;
				GCC_WARN_UNUSED_VARIABLE = YES;
				IPHONEOS_DEPLOYMENT_TARGET = 8.0;
				MTL_ENABLE_DEBUG_INFO = NO;
				SDKROOT = iphoneos;
				VALIDATE_PRODUCT = YES;
			};
			name = Release;
		};
		DE26887A19D7C2420042E883 /* Debug */ = {
			isa = XCBuildConfiguration;
			buildSettings = {
				ASSETCATALOG_COMPILER_APPICON_NAME = AppIcon;
				INFOPLIST_FILE = LionsAndTigers/Info.plist;
				LD_RUNPATH_SEARCH_PATHS = "$(inherited) @executable_path/Frameworks";
				PRODUCT_NAME = "$(TARGET_NAME)";
			};
			name = Debug;
		};
		DE26887B19D7C2420042E883 /* Release */ = {
			isa = XCBuildConfiguration;
			buildSettings = {
				ASSETCATALOG_COMPILER_APPICON_NAME = AppIcon;
				INFOPLIST_FILE = LionsAndTigers/Info.plist;
				LD_RUNPATH_SEARCH_PATHS = "$(inherited) @executable_path/Frameworks";
				PRODUCT_NAME = "$(TARGET_NAME)";
			};
			name = Release;
		};
		DE26887D19D7C2420042E883 /* Debug */ = {
			isa = XCBuildConfiguration;
			buildSettings = {
				BUNDLE_LOADER = "$(TEST_HOST)";
				FRAMEWORK_SEARCH_PATHS = (
					"$(SDKROOT)/Developer/Library/Frameworks",
					"$(inherited)",
				);
				GCC_PREPROCESSOR_DEFINITIONS = (
					"DEBUG=1",
					"$(inherited)",
				);
				INFOPLIST_FILE = LionsAndTigersTests/Info.plist;
				LD_RUNPATH_SEARCH_PATHS = "$(inherited) @executable_path/Frameworks @loader_path/Frameworks";
				PRODUCT_NAME = "$(TARGET_NAME)";
				TEST_HOST = "$(BUILT_PRODUCTS_DIR)/LionsAndTigers.app/LionsAndTigers";
			};
			name = Debug;
		};
		DE26887E19D7C2420042E883 /* Release */ = {
			isa = XCBuildConfiguration;
			buildSettings = {
				BUNDLE_LOADER = "$(TEST_HOST)";
				FRAMEWORK_SEARCH_PATHS = (
					"$(SDKROOT)/Developer/Library/Frameworks",
					"$(inherited)",
				);
				INFOPLIST_FILE = LionsAndTigersTests/Info.plist;
				LD_RUNPATH_SEARCH_PATHS = "$(inherited) @executable_path/Frameworks @loader_path/Frameworks";
				PRODUCT_NAME = "$(TARGET_NAME)";
				TEST_HOST = "$(BUILT_PRODUCTS_DIR)/LionsAndTigers.app/LionsAndTigers";
			};
			name = Release;
		};
/* End XCBuildConfiguration section */

/* Begin XCConfigurationList section */
		DE26885519D7C2420042E883 /* Build configuration list for PBXProject "LionsAndTigers" */ = {
			isa = XCConfigurationList;
			buildConfigurations = (
				DE26887719D7C2420042E883 /* Debug */,
				DE26887819D7C2420042E883 /* Release */,
			);
			defaultConfigurationIsVisible = 0;
			defaultConfigurationName = Release;
		};
		DE26887919D7C2420042E883 /* Build configuration list for PBXNativeTarget "LionsAndTigers" */ = {
			isa = XCConfigurationList;
			buildConfigurations = (
				DE26887A19D7C2420042E883 /* Debug */,
				DE26887B19D7C2420042E883 /* Release */,
			);
			defaultConfigurationIsVisible = 0;
		};
		DE26887C19D7C2420042E883 /* Build configuration list for PBXNativeTarget "LionsAndTigersTests" */ = {
			isa = XCConfigurationList;
			buildConfigurations = (
				DE26887D19D7C2420042E883 /* Debug */,
				DE26887E19D7C2420042E883 /* Release */,
			);
			defaultConfigurationIsVisible = 0;
		};
/* End XCConfigurationList section */
	};
	rootObject = DE26885219D7C2420042E883 /* Project object */;
}
